
Microsoft Visual Studio Solution File, Format Version 12.00
# Visual Studio Version 17
VisualStudioVersion = 17.3.32922.545
MinimumVisualStudioVersion = 10.0.40219.1
Project("{9A19103F-16F7-4668-BE54-9A1E7A4F7556}") = "GridPuzzleSolver", "GridPuzzleSolver\GridPuzzleSolver.csproj", "{B41E4626-4EF7-4210-8378-EDB6C63380B5}"
EndProject
Project("{FAE04EC0-301F-11D3-BF4B-00C04F79EFBC}") = "GridPuzzleSolverUnitTests", "GridPuzzleSolverUnitTests\GridPuzzleSolverUnitTests.csproj", "{E9F606CF-A317-414E-B783-BA91CA349FD1}"
EndProject
Global
	GlobalSection(SolutionConfigurationPlatforms) = preSolution
		Debug|Any CPU = Debug|Any CPU
		Release|Any CPU = Release|Any CPU
	EndGlobalSection
	GlobalSection(ProjectConfigurationPlatforms) = postSolution
		{B41E4626-4EF7-4210-8378-EDB6C63380B5}.Debug|Any CPU.ActiveCfg = Debug|Any CPU
		{B41E4626-4EF7-4210-8378-EDB6C63380B5}.Debug|Any CPU.Build.0 = Debug|Any CPU
		{B41E4626-4EF7-4210-8378-EDB6C63380B5}.Release|Any CPU.ActiveCfg = Release|Any CPU
		{B41E4626-4EF7-4210-8378-EDB6C63380B5}.Release|Any CPU.Build.0 = Release|Any CPU
		{E9F606CF-A317-414E-B783-BA91CA349FD1}.Debug|Any CPU.ActiveCfg = Debug|Any CPU
		{E9F606CF-A317-414E-B783-BA91CA349FD1}.Debug|Any CPU.Build.0 = Debug|Any CPU
		{E9F606CF-A317-414E-B783-BA91CA349FD1}.Release|Any CPU.ActiveCfg = Release|Any CPU
		{E9F606CF-A317-414E-B783-BA91CA349FD1}.Release|Any CPU.Build.0 = Release|Any CPU
	EndGlobalSection
	GlobalSection(SolutionProperties) = preSolution
		HideSolutionNode = FALSE
	EndGlobalSection
	GlobalSection(ExtensibilityGlobals) = postSolution
		SolutionGuid = {2726CF11-7ECB-448B-A24A-971A82567BF5}
	EndGlobalSection
EndGlobal
